<?xml version="1.0" encoding="utf-8"?>
<Project ToolsVersion="4.0" xmlns="http://schemas.microsoft.com/developer/msbuild/2003">
  <ItemGroup>
    <ClCompile Include="Code\main.cpp" />
    <ClCompile Include="Code\PCH\pch.cpp" />
    <ClCompile Include="Code\Renderer\Renderer\Renderer.cpp" />
    <ClCompile Include="Code\ResourceManager\ResourceManager.cpp" />
    <ClCompile Include="ThirdParty\glad\src\glad.c" />
    <ClCompile Include="Code\Renderer\Backends\Vulkan\Renderer.cpp" />
  </ItemGroup>
  <ItemGroup>
    <ClInclude Include="Code\PCH\pch.hpp" />
    <ClInclude Include="Code\Core\pointer.hpp" />
    <ClInclude Include="Code\Renderer\Renderer\Renderer.hpp" />
    <ClInclude Include="Code\Common\resource.hpp" />
    <ClInclude Include="Code\ResourceManager\ResourceManager.hpp" />
    <ClInclude Include="Code\Window\Window.hpp" />
    <ClInclude Include="Code\Renderer\Backends\Vulkan\Renderer.hpp" />
    <ClInclude Include="Code\Core\attributes.hpp" />
    <ClInclude Include="Code\Common\misc.hpp" />
  </ItemGroup>
  <ItemGroup>
    <CopyFileToFolders Include="ThirdParty\glad\GLAD_LICENSE" />
    <CopyFileToFolders Include="ThirdParty\GLFW\GLFW_LICENSE.md" />
    <CopyFileToFolders Include="ThirdParty\GLM\GLM_COPYING.txt" />
  </ItemGroup>
  <ItemGroup>
    <None Include="Code\Window\Window.cpp" />
  </ItemGroup>
</Project>