<?xml version="1.0" encoding="utf-8"?>
<Project ToolsVersion="4.0" xmlns="http://schemas.microsoft.com/developer/msbuild/2003">
  <ItemGroup>
    <None Include="Code\Source\Vulkan\VulkanBackend.hpp" />
    <None Include="Code\Source\Vulkan\CommandList.cpp" />
    <None Include="Code\Source\Vulkan\CommandList.hpp" />
    <None Include="Code\Source\Vulkan\Device.cpp" />
    <None Include="Code\Source\Vulkan\Device.hpp" />
    <None Include="Code\Source\Vulkan\Logging.hpp" />
    <None Include="Code\Source\Vulkan\Misc.hpp" />
    <None Include="Code\Source\Vulkan\Resource.hpp" />
    <None Include="Code\Source\Vulkan\Swapchain.cpp" />
    <None Include="Code\Source\Vulkan\Swapchain.hpp" />
    <None Include="Code\Source\RHI2\DeviceManager.cpp" />
    <None Include="Code\Source\RHI\ResourceManager.cpp" />
    <None Include="Code\Source\RHI\DeviceManager.cpp" />
    <None Include="Code\Source\Common\Resource.hpp" />
    <None Include="Code\Source\Common\Logging.hpp" />
    <None Include="Code\Source\Common\Logging.cpp" />
    <None Include="Code\Include\RHI2\DeviceManager.hpp" />
    <None Include="Code\Include\RHI\RHI.hpp" />
    <None Include="Code\Include\RHI\Swapchain.hpp" />
    <None Include="Code\Include\RHI\ResourceManager.hpp" />
    <None Include="Code\Include\RHI\DeviceManager.hpp" />
    <None Include="Code\Include\RHI\Device.hpp" />
    <None Include="Code\Include\RHI\CommandList.hpp" />
    <None Include="Code\Include\Common\Resource.hpp" />
    <None Include="Code\Include\Common\Attributes.hpp" />
  </ItemGroup>
</Project>